
Microsoft Visual Studio Solution File, Format Version 12.00
# Visual Studio 15
VisualStudioVersion = 15.0.28307.168
MinimumVisualStudioVersion = 10.0.40219.1
Project("{FAE04EC0-301F-11D3-BF4B-00C04F79EFBC}") = "WebApplication1", "WebApplication1\WebApplication1.csproj", "{B003CD79-4FB6-4B12-B245-E0EB909C7A7B}"
EndProject
Project("{FAE04EC0-301F-11D3-BF4B-00C04F79EFBC}") = "Data", "dal\Data.csproj", "{571C757E-D01F-47CA-9AC3-E1ADE43AD88F}"
EndProject
Project("{FAE04EC0-301F-11D3-BF4B-00C04F79EFBC}") = "Business", "business\Business.csproj", "{C46FBC1D-05ED-4BED-8C17-D7AC9F097E1D}"
EndProject
Global
	GlobalSection(SolutionConfigurationPlatforms) = preSolution
		Debug|Any CPU = Debug|Any CPU
		Release|Any CPU = Release|Any CPU
	EndGlobalSection
	GlobalSection(ProjectConfigurationPlatforms) = postSolution
		{B003CD79-4FB6-4B12-B245-E0EB909C7A7B}.Debug|Any CPU.ActiveCfg = Debug|Any CPU
		{B003CD79-4FB6-4B12-B245-E0EB909C7A7B}.Debug|Any CPU.Build.0 = Debug|Any CPU
		{B003CD79-4FB6-4B12-B245-E0EB909C7A7B}.Release|Any CPU.ActiveCfg = Release|Any CPU
		{B003CD79-4FB6-4B12-B245-E0EB909C7A7B}.Release|Any CPU.Build.0 = Release|Any CPU
		{571C757E-D01F-47CA-9AC3-E1ADE43AD88F}.Debug|Any CPU.ActiveCfg = Debug|Any CPU
		{571C757E-D01F-47CA-9AC3-E1ADE43AD88F}.Debug|Any CPU.Build.0 = Debug|Any CPU
		{571C757E-D01F-47CA-9AC3-E1ADE43AD88F}.Release|Any CPU.ActiveCfg = Release|Any CPU
		{571C757E-D01F-47CA-9AC3-E1ADE43AD88F}.Release|Any CPU.Build.0 = Release|Any CPU
		{C46FBC1D-05ED-4BED-8C17-D7AC9F097E1D}.Debug|Any CPU.ActiveCfg = Debug|Any CPU
		{C46FBC1D-05ED-4BED-8C17-D7AC9F097E1D}.Debug|Any CPU.Build.0 = Debug|Any CPU
		{C46FBC1D-05ED-4BED-8C17-D7AC9F097E1D}.Release|Any CPU.ActiveCfg = Release|Any CPU
		{C46FBC1D-05ED-4BED-8C17-D7AC9F097E1D}.Release|Any CPU.Build.0 = Release|Any CPU
	EndGlobalSection
	GlobalSection(SolutionProperties) = preSolution
		HideSolutionNode = FALSE
	EndGlobalSection
	GlobalSection(ExtensibilityGlobals) = postSolution
		SolutionGuid = {38B9A20E-ADD8-412B-B0DB-4448AFF8E1DC}
	EndGlobalSection
EndGlobal
